github.com/arduino/go-shopify v0.0.0-20160519132407-dd33f9cd2ddb h1:IYQAfY8NMOULVpPseIqq+DFDURfQ/D3J+rvWTq0Sjxw=
github.com/arduino/go-shopify v0.0.0-20160519132407-dd33f9cd2ddb/go.mod h1:NVHRfybQQwaWS0MD4jT98IFwt+jFzUYwOZ6SGyKLlr8=
github.com/davecgh/go-spew v1.1.1/go.mod h1:J7Y8YcW2NihsgmVo/mv3lAwl/skON4iLHjSsI+c5H38=
github.com/jmcvetta/restclient v0.0.0-20130926023411-cd30d30af7e3 h1:Ha2afdaSDeoKMnvdGC/sBt2M1s/4ThCueKm5S9TkpQE=
github.com/jmcvetta/restclient v0.0.0-20130926023411-cd30d30af7e3/go.mod h1:gBKrwpNtSwqjNOOCHJXD1D/a9GgYzF/vNsf0kLL6d+8=
github.com/parnurzeal/gorequest v0.2.16 h1:T/5x+/4BT+nj+3eSknXmCTnEVGSzFzPGdpqmUVVZXHQ=
github.com/parnurzeal/gorequest v0.2.16/go.mod h1:3Kh2QUMJoqw3icWAecsyzkpY7UzRfDhbRdTjtNwNiUE=
github.com/pkg/errors v0.9.1 h1:FEBLx1zS214owpjy7qsBeixbURkuhQAwrK5UwLGTwt4=
github.com/pkg/errors v0.9.1/go.mod h1:bwawxfHBFNV+L2hUp1rHADufV3IMtnDRdf1r5NINEl0=
github.com/pmezard/go-difflib v1.0.0/go.mod h1:iKH77koFhYxTK1pcRnkKkqfTogsbg7gZNVY4sRDYZ/4=
github.com/postmaster/postmaster-go v0.0.0-20140109170324-2bad6844bbf1 h1:qrSCUEa/l9mVWtY47IVt4H9WKGOC5n2V8zet41eJEQA=
github.com/postmaster/postmaster-go v0.0.0-20140109170324-2bad6844bbf1/go.mod h1:CCCdg5YDHt2KFuU3RrdjEzasMystdzEizs3iuDCHshI=
github.com/rapito/go-shopify v0.0.0-20201203225032-c35d0803798b h1:9rF8PXr3AjxrwGy3cQ25+3NHOJlFKRt6GJNA5kEKLIA=
github.com/rapito/go-shopify v0.0.0-20201203225032-c35d0803798b/go.mod h1:DfrDF8l7Rk3ZL73OvDOnfexYb3oyNEWJOXH7+qEJ1QI=
github.com/spf13/jwalterweatherman v1.1.0 h1:ue6voC5bR5F8YxI5S67j9i582FU4Qvo2bmqnqMYADFk=
github.com/spf13/jwalterweatherman v1.1.0/go.mod h1:aNWZUN0dPAAO/Ljvb5BEdw96iTZ0EXowPYD95IqWIGo=
github.com/stretchr/testify v1.2.2/go.mod h1:a8OnRcib4nhh0OaRAV+Yts87kKdq0PP7pXfy6kDkUVs=
golang.org/x/net v0.2.0 h1:sZfSu1wtKLGlWI4ZZayP0ck9Y73K1ynO6gqzTdBVdPU=
golang.org/x/net v0.2.0/go.mod h1:KqCZLdyyvdV855qA2rE3GC2aiw5xGR5TEjj8smXukLY=
moul.io/http2curl v1.0.0 h1:6XwpyZOYsgZJrU8exnG87ncVkU1FVCcTRpwzOkTDUi8=
moul.io/http2curl v1.0.0/go.mod h1:f6cULg+e4Md/oW1cYmwW4IWQOVl2lGbmCNGOHvzX2kE=
